// !$*UTF8*$!
{
	archiveVersion = 1;
	classes = {
	};
	objectVersion = 55;
	objects = {

/* Begin PBXBuildFile section */
		95088B752B32E96B0055354B /* CombineCocoa in Frameworks */ = {isa = PBXBuildFile; productRef = 95088B742B32E96B0055354B /* CombineCocoa */; };
		95088B782B32E9870055354B /* SnapKit in Frameworks */ = {isa = PBXBuildFile; productRef = 95088B772B32E9870055354B /* SnapKit */; };
		95088B7A2B32E9870055354B /* SnapKit-Dynamic in Frameworks */ = {isa = PBXBuildFile; productRef = 95088B792B32E9870055354B /* SnapKit-Dynamic */; };
		95088B7D2B32E9CD0055354B /* CombineCocoa in Frameworks */ = {isa = PBXBuildFile; productRef = 95088B7C2B32E9CD0055354B /* CombineCocoa */; };
		95088B802B32EA240055354B /* SnapshotTesting in Frameworks */ = {isa = PBXBuildFile; productRef = 95088B7F2B32EA240055354B /* SnapshotTesting */; };
		95088B822B32EA3A0055354B /* CombineCocoa in Frameworks */ = {isa = PBXBuildFile; productRef = 95088B812B32EA3A0055354B /* CombineCocoa */; };
		9554C0E72A920ACF0098F2DE /* AppDelegate.swift in Sources */ = {isa = PBXBuildFile; fileRef = 9554C0E62A920ACF0098F2DE /* AppDelegate.swift */; };
		9554C0E92A920ACF0098F2DE /* SceneDelegate.swift in Sources */ = {isa = PBXBuildFile; fileRef = 9554C0E82A920ACF0098F2DE /* SceneDelegate.swift */; };
		9554C0EB2A920ACF0098F2DE /* CalculatorVC.swift in Sources */ = {isa = PBXBuildFile; fileRef = 9554C0EA2A920ACF0098F2DE /* CalculatorVC.swift */; };
		9554C0F02A920AD00098F2DE /* Assets.xcassets in Resources */ = {isa = PBXBuildFile; fileRef = 9554C0EF2A920AD00098F2DE /* Assets.xcassets */; };
		9554C0F32A920AD00098F2DE /* LaunchScreen.storyboard in Resources */ = {isa = PBXBuildFile; fileRef = 9554C0F12A920AD00098F2DE /* LaunchScreen.storyboard */; };
		9554C0FE2A920AD00098F2DE /* tip_calculatorTests.swift in Sources */ = {isa = PBXBuildFile; fileRef = 9554C0FD2A920AD00098F2DE /* tip_calculatorTests.swift */; };
		9554C1082A920AD00098F2DE /* tip_calculatorUITests.swift in Sources */ = {isa = PBXBuildFile; fileRef = 9554C1072A920AD00098F2DE /* tip_calculatorUITests.swift */; };
		9554C10A2A920AD00098F2DE /* tip_calculatorUITestsLaunchTests.swift in Sources */ = {isa = PBXBuildFile; fileRef = 9554C1092A920AD00098F2DE /* tip_calculatorUITestsLaunchTests.swift */; };
		95AE98F72B5501CE00C9E6BF /* LogoView.swift in Sources */ = {isa = PBXBuildFile; fileRef = 95AE98F62B5501CE00C9E6BF /* LogoView.swift */; };
		95AE98F92B55042C00C9E6BF /* ResultView.swift in Sources */ = {isa = PBXBuildFile; fileRef = 95AE98F82B55042C00C9E6BF /* ResultView.swift */; };
		95AE98FB2B55043600C9E6BF /* BillInputView.swift in Sources */ = {isa = PBXBuildFile; fileRef = 95AE98FA2B55043600C9E6BF /* BillInputView.swift */; };
		95AE98FD2B55044200C9E6BF /* TipInputView.swift in Sources */ = {isa = PBXBuildFile; fileRef = 95AE98FC2B55044200C9E6BF /* TipInputView.swift */; };
		95AE98FF2B55045400C9E6BF /* SplitInputView.swift in Sources */ = {isa = PBXBuildFile; fileRef = 95AE98FE2B55045400C9E6BF /* SplitInputView.swift */; };
		95AE99022B5513E300C9E6BF /* ThemeColor.swift in Sources */ = {isa = PBXBuildFile; fileRef = 95AE99012B5513E300C9E6BF /* ThemeColor.swift */; };
		95AE99052B5513EF00C9E6BF /* ThemeFont.swift in Sources */ = {isa = PBXBuildFile; fileRef = 95AE99042B5513EF00C9E6BF /* ThemeFont.swift */; };
		95AE99082B55141600C9E6BF /* UIColor+Extension.swift in Sources */ = {isa = PBXBuildFile; fileRef = 95AE99072B55141600C9E6BF /* UIColor+Extension.swift */; };
/* End PBXBuildFile section */

/* Begin PBXContainerItemProxy section */
		9554C0FA2A920AD00098F2DE /* PBXContainerItemProxy */ = {
			isa = PBXContainerItemProxy;
			containerPortal = 9554C0DB2A920ACF0098F2DE /* Project object */;
			proxyType = 1;
			remoteGlobalIDString = 9554C0E22A920ACF0098F2DE;
			remoteInfo = "tip-calculator";
		};
		9554C1042A920AD00098F2DE /* PBXContainerItemProxy */ = {
			isa = PBXContainerItemProxy;
			containerPortal = 9554C0DB2A920ACF0098F2DE /* Project object */;
			proxyType = 1;
			remoteGlobalIDString = 9554C0E22A920ACF0098F2DE;
			remoteInfo = "tip-calculator";
		};
/* End PBXContainerItemProxy section */

/* Begin PBXFileReference section */
		9554C0E32A920ACF0098F2DE /* tip-calculator.app */ = {isa = PBXFileReference; explicitFileType = wrapper.application; includeInIndex = 0; path = "tip-calculator.app"; sourceTree = BUILT_PRODUCTS_DIR; };
		9554C0E62A920ACF0098F2DE /* AppDelegate.swift */ = {isa = PBXFileReference; lastKnownFileType = sourcecode.swift; path = AppDelegate.swift; sourceTree = "<group>"; };
		9554C0E82A920ACF0098F2DE /* SceneDelegate.swift */ = {isa = PBXFileReference; lastKnownFileType = sourcecode.swift; path = SceneDelegate.swift; sourceTree = "<group>"; };
		9554C0EA2A920ACF0098F2DE /* CalculatorVC.swift */ = {isa = PBXFileReference; lastKnownFileType = sourcecode.swift; path = CalculatorVC.swift; sourceTree = "<group>"; };
		9554C0EF2A920AD00098F2DE /* Assets.xcassets */ = {isa = PBXFileReference; lastKnownFileType = folder.assetcatalog; path = Assets.xcassets; sourceTree = "<group>"; };
		9554C0F22A920AD00098F2DE /* Base */ = {isa = PBXFileReference; lastKnownFileType = file.storyboard; name = Base; path = Base.lproj/LaunchScreen.storyboard; sourceTree = "<group>"; };
		9554C0F42A920AD00098F2DE /* Info.plist */ = {isa = PBXFileReference; lastKnownFileType = text.plist.xml; path = Info.plist; sourceTree = "<group>"; };
		9554C0F92A920AD00098F2DE /* tip-calculatorTests.xctest */ = {isa = PBXFileReference; explicitFileType = wrapper.cfbundle; includeInIndex = 0; path = "tip-calculatorTests.xctest"; sourceTree = BUILT_PRODUCTS_DIR; };
		9554C0FD2A920AD00098F2DE /* tip_calculatorTests.swift */ = {isa = PBXFileReference; lastKnownFileType = sourcecode.swift; path = tip_calculatorTests.swift; sourceTree = "<group>"; };
		9554C1032A920AD00098F2DE /* tip-calculatorUITests.xctest */ = {isa = PBXFileReference; explicitFileType = wrapper.cfbundle; includeInIndex = 0; path = "tip-calculatorUITests.xctest"; sourceTree = BUILT_PRODUCTS_DIR; };
		9554C1072A920AD00098F2DE /* tip_calculatorUITests.swift */ = {isa = PBXFileReference; lastKnownFileType = sourcecode.swift; path = tip_calculatorUITests.swift; sourceTree = "<group>"; };
		9554C1092A920AD00098F2DE /* tip_calculatorUITestsLaunchTests.swift */ = {isa = PBXFileReference; lastKnownFileType = sourcecode.swift; path = tip_calculatorUITestsLaunchTests.swift; sourceTree = "<group>"; };
		95AE98F62B5501CE00C9E6BF /* LogoView.swift */ = {isa = PBXFileReference; lastKnownFileType = sourcecode.swift; path = LogoView.swift; sourceTree = "<group>"; };
		95AE98F82B55042C00C9E6BF /* ResultView.swift */ = {isa = PBXFileReference; lastKnownFileType = sourcecode.swift; path = ResultView.swift; sourceTree = "<group>"; };
		95AE98FA2B55043600C9E6BF /* BillInputView.swift */ = {isa = PBXFileReference; lastKnownFileType = sourcecode.swift; path = BillInputView.swift; sourceTree = "<group>"; };
		95AE98FC2B55044200C9E6BF /* TipInputView.swift */ = {isa = PBXFileReference; lastKnownFileType = sourcecode.swift; path = TipInputView.swift; sourceTree = "<group>"; };
		95AE98FE2B55045400C9E6BF /* SplitInputView.swift */ = {isa = PBXFileReference; lastKnownFileType = sourcecode.swift; path = SplitInputView.swift; sourceTree = "<group>"; };
		95AE99012B5513E300C9E6BF /* ThemeColor.swift */ = {isa = PBXFileReference; lastKnownFileType = sourcecode.swift; path = ThemeColor.swift; sourceTree = "<group>"; };
		95AE99042B5513EF00C9E6BF /* ThemeFont.swift */ = {isa = PBXFileReference; lastKnownFileType = sourcecode.swift; path = ThemeFont.swift; sourceTree = "<group>"; };
		95AE99072B55141600C9E6BF /* UIColor+Extension.swift */ = {isa = PBXFileReference; lastKnownFileType = sourcecode.swift; path = "UIColor+Extension.swift"; sourceTree = "<group>"; };
/* End PBXFileReference section */

/* Begin PBXFrameworksBuildPhase section */
		9554C0E02A920ACF0098F2DE /* Frameworks */ = {
			isa = PBXFrameworksBuildPhase;
			buildActionMask = 2147483647;
			files = (
				95088B752B32E96B0055354B /* CombineCocoa in Frameworks */,
				95088B782B32E9870055354B /* SnapKit in Frameworks */,
				95088B7A2B32E9870055354B /* SnapKit-Dynamic in Frameworks */,
			);
			runOnlyForDeploymentPostprocessing = 0;
		};
		9554C0F62A920AD00098F2DE /* Frameworks */ = {
			isa = PBXFrameworksBuildPhase;
			buildActionMask = 2147483647;
			files = (
				95088B7D2B32E9CD0055354B /* CombineCocoa in Frameworks */,
				95088B802B32EA240055354B /* SnapshotTesting in Frameworks */,
			);
			runOnlyForDeploymentPostprocessing = 0;
		};
		9554C1002A920AD00098F2DE /* Frameworks */ = {
			isa = PBXFrameworksBuildPhase;
			buildActionMask = 2147483647;
			files = (
				95088B822B32EA3A0055354B /* CombineCocoa in Frameworks */,
			);
			runOnlyForDeploymentPostprocessing = 0;
		};
/* End PBXFrameworksBuildPhase section */

/* Begin PBXGroup section */
		95088B7B2B32E9CD0055354B /* Frameworks */ = {
			isa = PBXGroup;
			children = (
			);
			name = Frameworks;
			sourceTree = "<group>";
		};
		9554C0DA2A920ACF0098F2DE = {
			isa = PBXGroup;
			children = (
				9554C0E52A920ACF0098F2DE /* tip-calculator */,
				9554C0FC2A920AD00098F2DE /* tip-calculatorTests */,
				9554C1062A920AD00098F2DE /* tip-calculatorUITests */,
				9554C0E42A920ACF0098F2DE /* Products */,
				95088B7B2B32E9CD0055354B /* Frameworks */,
			);
			sourceTree = "<group>";
		};
		9554C0E42A920ACF0098F2DE /* Products */ = {
			isa = PBXGroup;
			children = (
				9554C0E32A920ACF0098F2DE /* tip-calculator.app */,
				9554C0F92A920AD00098F2DE /* tip-calculatorTests.xctest */,
				9554C1032A920AD00098F2DE /* tip-calculatorUITests.xctest */,
			);
			name = Products;
			sourceTree = "<group>";
		};
		9554C0E52A920ACF0098F2DE /* tip-calculator */ = {
			isa = PBXGroup;
			children = (
				95AE99062B55140A00C9E6BF /* extension */,
				95AE99002B5513DB00C9E6BF /* config */,
				95AE98F52B5501C200C9E6BF /* view */,
				9554C0E62A920ACF0098F2DE /* AppDelegate.swift */,
				9554C0E82A920ACF0098F2DE /* SceneDelegate.swift */,
				9554C0EA2A920ACF0098F2DE /* CalculatorVC.swift */,
				9554C0EF2A920AD00098F2DE /* Assets.xcassets */,
				9554C0F12A920AD00098F2DE /* LaunchScreen.storyboard */,
				9554C0F42A920AD00098F2DE /* Info.plist */,
			);
			path = "tip-calculator";
			sourceTree = "<group>";
		};
		9554C0FC2A920AD00098F2DE /* tip-calculatorTests */ = {
			isa = PBXGroup;
			children = (
				9554C0FD2A920AD00098F2DE /* tip_calculatorTests.swift */,
			);
			path = "tip-calculatorTests";
			sourceTree = "<group>";
		};
		9554C1062A920AD00098F2DE /* tip-calculatorUITests */ = {
			isa = PBXGroup;
			children = (
				9554C1072A920AD00098F2DE /* tip_calculatorUITests.swift */,
				9554C1092A920AD00098F2DE /* tip_calculatorUITestsLaunchTests.swift */,
			);
			path = "tip-calculatorUITests";
			sourceTree = "<group>";
		};
		95AE98F52B5501C200C9E6BF /* view */ = {
			isa = PBXGroup;
			children = (
				95AE98F62B5501CE00C9E6BF /* LogoView.swift */,
				95AE98F82B55042C00C9E6BF /* ResultView.swift */,
				95AE98FA2B55043600C9E6BF /* BillInputView.swift */,
				95AE98FC2B55044200C9E6BF /* TipInputView.swift */,
				95AE98FE2B55045400C9E6BF /* SplitInputView.swift */,
			);
			path = view;
			sourceTree = "<group>";
		};
		95AE99002B5513DB00C9E6BF /* config */ = {
			isa = PBXGroup;
			children = (
				95AE99012B5513E300C9E6BF /* ThemeColor.swift */,
				95AE99042B5513EF00C9E6BF /* ThemeFont.swift */,
			);
			path = config;
			sourceTree = "<group>";
		};
		95AE99062B55140A00C9E6BF /* extension */ = {
			isa = PBXGroup;
			children = (
				95AE99072B55141600C9E6BF /* UIColor+Extension.swift */,
			);
			path = extension;
			sourceTree = "<group>";
		};
/* End PBXGroup section */

/* Begin PBXNativeTarget section */
		9554C0E22A920ACF0098F2DE /* tip-calculator */ = {
			isa = PBXNativeTarget;
			buildConfigurationList = 9554C10D2A920AD00098F2DE /* Build configuration list for PBXNativeTarget "tip-calculator" */;
			buildPhases = (
				9554C0DF2A920ACF0098F2DE /* Sources */,
				9554C0E02A920ACF0098F2DE /* Frameworks */,
				9554C0E12A920ACF0098F2DE /* Resources */,
			);
			buildRules = (
			);
			dependencies = (
			);
			name = "tip-calculator";
			packageProductDependencies = (
				95088B742B32E96B0055354B /* CombineCocoa */,
				95088B772B32E9870055354B /* SnapKit */,
				95088B792B32E9870055354B /* SnapKit-Dynamic */,
			);
			productName = "tip-calculator";
			productReference = 9554C0E32A920ACF0098F2DE /* tip-calculator.app */;
			productType = "com.apple.product-type.application";
		};
		9554C0F82A920AD00098F2DE /* tip-calculatorTests */ = {
			isa = PBXNativeTarget;
			buildConfigurationList = 9554C1102A920AD00098F2DE /* Build configuration list for PBXNativeTarget "tip-calculatorTests" */;
			buildPhases = (
				9554C0F52A920AD00098F2DE /* Sources */,
				9554C0F62A920AD00098F2DE /* Frameworks */,
				9554C0F72A920AD00098F2DE /* Resources */,
			);
			buildRules = (
			);
			dependencies = (
				9554C0FB2A920AD00098F2DE /* PBXTargetDependency */,
			);
			name = "tip-calculatorTests";
			packageProductDependencies = (
				95088B7C2B32E9CD0055354B /* CombineCocoa */,
				95088B7F2B32EA240055354B /* SnapshotTesting */,
			);
			productName = "tip-calculatorTests";
			productReference = 9554C0F92A920AD00098F2DE /* tip-calculatorTests.xctest */;
			productType = "com.apple.product-type.bundle.unit-test";
		};
		9554C1022A920AD00098F2DE /* tip-calculatorUITests */ = {
			isa = PBXNativeTarget;
			buildConfigurationList = 9554C1132A920AD00098F2DE /* Build configuration list for PBXNativeTarget "tip-calculatorUITests" */;
			buildPhases = (
				9554C0FF2A920AD00098F2DE /* Sources */,
				9554C1002A920AD00098F2DE /* Frameworks */,
				9554C1012A920AD00098F2DE /* Resources */,
			);
			buildRules = (
			);
			dependencies = (
				9554C1052A920AD00098F2DE /* PBXTargetDependency */,
			);
			name = "tip-calculatorUITests";
			packageProductDependencies = (
				95088B812B32EA3A0055354B /* CombineCocoa */,
			);
			productName = "tip-calculatorUITests";
			productReference = 9554C1032A920AD00098F2DE /* tip-calculatorUITests.xctest */;
			productType = "com.apple.product-type.bundle.ui-testing";
		};
/* End PBXNativeTarget section */

/* Begin PBXProject section */
		9554C0DB2A920ACF0098F2DE /* Project object */ = {
			isa = PBXProject;
			attributes = {
				BuildIndependentTargetsInParallel = 1;
				LastSwiftUpdateCheck = 1320;
				LastUpgradeCheck = 1320;
				TargetAttributes = {
					9554C0E22A920ACF0098F2DE = {
						CreatedOnToolsVersion = 13.2.1;
					};
					9554C0F82A920AD00098F2DE = {
						CreatedOnToolsVersion = 13.2.1;
						TestTargetID = 9554C0E22A920ACF0098F2DE;
					};
					9554C1022A920AD00098F2DE = {
						CreatedOnToolsVersion = 13.2.1;
						TestTargetID = 9554C0E22A920ACF0098F2DE;
					};
				};
			};
			buildConfigurationList = 9554C0DE2A920ACF0098F2DE /* Build configuration list for PBXProject "tip-calculator" */;
			compatibilityVersion = "Xcode 13.0";
			developmentRegion = en;
			hasScannedForEncodings = 0;
			knownRegions = (
				en,
				Base,
			);
			mainGroup = 9554C0DA2A920ACF0098F2DE;
			packageReferences = (
				95088B732B32E96B0055354B /* XCRemoteSwiftPackageReference "CombineCocoa" */,
				95088B762B32E9870055354B /* XCRemoteSwiftPackageReference "SnapKit" */,
				95088B7E2B32EA240055354B /* XCRemoteSwiftPackageReference "swift-snapshot-testing" */,
			);
			productRefGroup = 9554C0E42A920ACF0098F2DE /* Products */;
			projectDirPath = "";
			projectRoot = "";
			targets = (
				9554C0E22A920ACF0098F2DE /* tip-calculator */,
				9554C0F82A920AD00098F2DE /* tip-calculatorTests */,
				9554C1022A920AD00098F2DE /* tip-calculatorUITests */,
			);
		};
/* End PBXProject section */

/* Begin PBXResourcesBuildPhase section */
		9554C0E12A920ACF0098F2DE /* Resources */ = {
			isa = PBXResourcesBuildPhase;
			buildActionMask = 2147483647;
			files = (
				9554C0F32A920AD00098F2DE /* LaunchScreen.storyboard in Resources */,
				9554C0F02A920AD00098F2DE /* Assets.xcassets in Resources */,
			);
			runOnlyForDeploymentPostprocessing = 0;
		};
		9554C0F72A920AD00098F2DE /* Resources */ = {
			isa = PBXResourcesBuildPhase;
			buildActionMask = 2147483647;
			files = (
			);
			runOnlyForDeploymentPostprocessing = 0;
		};
		9554C1012A920AD00098F2DE /* Resources */ = {
			isa = PBXResourcesBuildPhase;
			buildActionMask = 2147483647;
			files = (
			);
			runOnlyForDeploymentPostprocessing = 0;
		};
/* End PBXResourcesBuildPhase section */

/* Begin PBXSourcesBuildPhase section */
		9554C0DF2A920ACF0098F2DE /* Sources */ = {
			isa = PBXSourcesBuildPhase;
			buildActionMask = 2147483647;
			files = (
				9554C0EB2A920ACF0098F2DE /* CalculatorVC.swift in Sources */,
				95AE98F72B5501CE00C9E6BF /* LogoView.swift in Sources */,
				95AE99022B5513E300C9E6BF /* ThemeColor.swift in Sources */,
				95AE99082B55141600C9E6BF /* UIColor+Extension.swift in Sources */,
				95AE98FB2B55043600C9E6BF /* BillInputView.swift in Sources */,
				95AE98F92B55042C00C9E6BF /* ResultView.swift in Sources */,
				9554C0E72A920ACF0098F2DE /* AppDelegate.swift in Sources */,
				95AE99052B5513EF00C9E6BF /* ThemeFont.swift in Sources */,
				9554C0E92A920ACF0098F2DE /* SceneDelegate.swift in Sources */,
				95AE98FF2B55045400C9E6BF /* SplitInputView.swift in Sources */,
				95AE98FD2B55044200C9E6BF /* TipInputView.swift in Sources */,
			);
			runOnlyForDeploymentPostprocessing = 0;
		};
		9554C0F52A920AD00098F2DE /* Sources */ = {
			isa = PBXSourcesBuildPhase;
			buildActionMask = 2147483647;
			files = (
				9554C0FE2A920AD00098F2DE /* tip_calculatorTests.swift in Sources */,
			);
			runOnlyForDeploymentPostprocessing = 0;
		};
		9554C0FF2A920AD00098F2DE /* Sources */ = {
			isa = PBXSourcesBuildPhase;
			buildActionMask = 2147483647;
			files = (
				9554C10A2A920AD00098F2DE /* tip_calculatorUITestsLaunchTests.swift in Sources */,
				9554C1082A920AD00098F2DE /* tip_calculatorUITests.swift in Sources */,
			);
			runOnlyForDeploymentPostprocessing = 0;
		};
/* End PBXSourcesBuildPhase section */

/* Begin PBXTargetDependency section */
		9554C0FB2A920AD00098F2DE /* PBXTargetDependency */ = {
			isa = PBXTargetDependency;
			target = 9554C0E22A920ACF0098F2DE /* tip-calculator */;
			targetProxy = 9554C0FA2A920AD00098F2DE /* PBXContainerItemProxy */;
		};
		9554C1052A920AD00098F2DE /* PBXTargetDependency */ = {
			isa = PBXTargetDependency;
			target = 9554C0E22A920ACF0098F2DE /* tip-calculator */;
			targetProxy = 9554C1042A920AD00098F2DE /* PBXContainerItemProxy */;
		};
/* End PBXTargetDependency section */

/* Begin PBXVariantGroup section */
		9554C0F12A920AD00098F2DE /* LaunchScreen.storyboard */ = {
			isa = PBXVariantGroup;
			children = (
				9554C0F22A920AD00098F2DE /* Base */,
			);
			name = LaunchScreen.storyboard;
			sourceTree = "<group>";
		};
/* End PBXVariantGroup section */

/* Begin XCBuildConfiguration section */
		9554C10B2A920AD00098F2DE /* Debug */ = {
			isa = XCBuildConfiguration;
			buildSettings = {
				ALWAYS_SEARCH_USER_PATHS = NO;
				CLANG_ANALYZER_NONNULL = YES;
				CLANG_ANALYZER_NUMBER_OBJECT_CONVERSION = YES_AGGRESSIVE;
				CLANG_CXX_LANGUAGE_STANDARD = "gnu++17";
				CLANG_CXX_LIBRARY = "libc++";
				CLANG_ENABLE_MODULES = YES;
				CLANG_ENABLE_OBJC_ARC = YES;
				CLANG_ENABLE_OBJC_WEAK = YES;
				CLANG_WARN_BLOCK_CAPTURE_AUTORELEASING = YES;
				CLANG_WARN_BOOL_CONVERSION = YES;
				CLANG_WARN_COMMA = YES;
				CLANG_WARN_CONSTANT_CONVERSION = YES;
				CLANG_WARN_DEPRECATED_OBJC_IMPLEMENTATIONS = YES;
				CLANG_WARN_DIRECT_OBJC_ISA_USAGE = YES_ERROR;
				CLANG_WARN_DOCUMENTATION_COMMENTS = YES;
				CLANG_WARN_EMPTY_BODY = YES;
				CLANG_WARN_ENUM_CONVERSION = YES;
				CLANG_WARN_INFINITE_RECURSION = YES;
				CLANG_WARN_INT_CONVERSION = YES;
				CLANG_WARN_NON_LITERAL_NULL_CONVERSION = YES;
				CLANG_WARN_OBJC_IMPLICIT_RETAIN_SELF = YES;
				CLANG_WARN_OBJC_LITERAL_CONVERSION = YES;
				CLANG_WARN_OBJC_ROOT_CLASS = YES_ERROR;
				CLANG_WARN_QUOTED_INCLUDE_IN_FRAMEWORK_HEADER = YES;
				CLANG_WARN_RANGE_LOOP_ANALYSIS = YES;
				CLANG_WARN_STRICT_PROTOTYPES = YES;
				CLANG_WARN_SUSPICIOUS_MOVE = YES;
				CLANG_WARN_UNGUARDED_AVAILABILITY = YES_AGGRESSIVE;
				CLANG_WARN_UNREACHABLE_CODE = YES;
				CLANG_WARN__DUPLICATE_METHOD_MATCH = YES;
				COPY_PHASE_STRIP = NO;
				DEBUG_INFORMATION_FORMAT = dwarf;
				ENABLE_STRICT_OBJC_MSGSEND = YES;
				ENABLE_TESTABILITY = YES;
				GCC_C_LANGUAGE_STANDARD = gnu11;
				GCC_DYNAMIC_NO_PIC = NO;
				GCC_NO_COMMON_BLOCKS = YES;
				GCC_OPTIMIZATION_LEVEL = 0;
				GCC_PREPROCESSOR_DEFINITIONS = (
					"DEBUG=1",
					"$(inherited)",
				);
				GCC_WARN_64_TO_32_BIT_CONVERSION = YES;
				GCC_WARN_ABOUT_RETURN_TYPE = YES_ERROR;
				GCC_WARN_UNDECLARED_SELECTOR = YES;
				GCC_WARN_UNINITIALIZED_AUTOS = YES_AGGRESSIVE;
				GCC_WARN_UNUSED_FUNCTION = YES;
				GCC_WARN_UNUSED_VARIABLE = YES;
				IPHONEOS_DEPLOYMENT_TARGET = 15.2;
				MTL_ENABLE_DEBUG_INFO = INCLUDE_SOURCE;
				MTL_FAST_MATH = YES;
				ONLY_ACTIVE_ARCH = YES;
				SDKROOT = iphoneos;
				SWIFT_ACTIVE_COMPILATION_CONDITIONS = DEBUG;
				SWIFT_OPTIMIZATION_LEVEL = "-Onone";
			};
			name = Debug;
		};
		9554C10C2A920AD00098F2DE /* Release */ = {
			isa = XCBuildConfiguration;
			buildSettings = {
				ALWAYS_SEARCH_USER_PATHS = NO;
				CLANG_ANALYZER_NONNULL = YES;
				CLANG_ANALYZER_NUMBER_OBJECT_CONVERSION = YES_AGGRESSIVE;
				CLANG_CXX_LANGUAGE_STANDARD = "gnu++17";
				CLANG_CXX_LIBRARY = "libc++";
				CLANG_ENABLE_MODULES = YES;
				CLANG_ENABLE_OBJC_ARC = YES;
				CLANG_ENABLE_OBJC_WEAK = YES;
				CLANG_WARN_BLOCK_CAPTURE_AUTORELEASING = YES;
				CLANG_WARN_BOOL_CONVERSION = YES;
				CLANG_WARN_COMMA = YES;
				CLANG_WARN_CONSTANT_CONVERSION = YES;
				CLANG_WARN_DEPRECATED_OBJC_IMPLEMENTATIONS = YES;
				CLANG_WARN_DIRECT_OBJC_ISA_USAGE = YES_ERROR;
				CLANG_WARN_DOCUMENTATION_COMMENTS = YES;
				CLANG_WARN_EMPTY_BODY = YES;
				CLANG_WARN_ENUM_CONVERSION = YES;
				CLANG_WARN_INFINITE_RECURSION = YES;
				CLANG_WARN_INT_CONVERSION = YES;
				CLANG_WARN_NON_LITERAL_NULL_CONVERSION = YES;
				CLANG_WARN_OBJC_IMPLICIT_RETAIN_SELF = YES;
				CLANG_WARN_OBJC_LITERAL_CONVERSION = YES;
				CLANG_WARN_OBJC_ROOT_CLASS = YES_ERROR;
				CLANG_WARN_QUOTED_INCLUDE_IN_FRAMEWORK_HEADER = YES;
				CLANG_WARN_RANGE_LOOP_ANALYSIS = YES;
				CLANG_WARN_STRICT_PROTOTYPES = YES;
				CLANG_WARN_SUSPICIOUS_MOVE = YES;
				CLANG_WARN_UNGUARDED_AVAILABILITY = YES_AGGRESSIVE;
				CLANG_WARN_UNREACHABLE_CODE = YES;
				CLANG_WARN__DUPLICATE_METHOD_MATCH = YES;
				COPY_PHASE_STRIP = NO;
				DEBUG_INFORMATION_FORMAT = "dwarf-with-dsym";
				ENABLE_NS_ASSERTIONS = NO;
				ENABLE_STRICT_OBJC_MSGSEND = YES;
				GCC_C_LANGUAGE_STANDARD = gnu11;
				GCC_NO_COMMON_BLOCKS = YES;
				GCC_WARN_64_TO_32_BIT_CONVERSION = YES;
				GCC_WARN_ABOUT_RETURN_TYPE = YES_ERROR;
				GCC_WARN_UNDECLARED_SELECTOR = YES;
				GCC_WARN_UNINITIALIZED_AUTOS = YES_AGGRESSIVE;
				GCC_WARN_UNUSED_FUNCTION = YES;
				GCC_WARN_UNUSED_VARIABLE = YES;
				IPHONEOS_DEPLOYMENT_TARGET = 15.2;
				MTL_ENABLE_DEBUG_INFO = NO;
				MTL_FAST_MATH = YES;
				SDKROOT = iphoneos;
				SWIFT_COMPILATION_MODE = wholemodule;
				SWIFT_OPTIMIZATION_LEVEL = "-O";
				VALIDATE_PRODUCT = YES;
			};
			name = Release;
		};
		9554C10E2A920AD00098F2DE /* Debug */ = {
			isa = XCBuildConfiguration;
			buildSettings = {
				ASSETCATALOG_COMPILER_APPICON_NAME = AppIcon;
				ASSETCATALOG_COMPILER_GLOBAL_ACCENT_COLOR_NAME = AccentColor;
				CODE_SIGN_STYLE = Automatic;
				CURRENT_PROJECT_VERSION = 1;
				DEVELOPMENT_TEAM = 5CFH3876SQ;
				GENERATE_INFOPLIST_FILE = YES;
				INFOPLIST_FILE = "tip-calculator/Info.plist";
				INFOPLIST_KEY_UIApplicationSupportsIndirectInputEvents = YES;
				INFOPLIST_KEY_UILaunchStoryboardName = LaunchScreen;
				INFOPLIST_KEY_UISupportedInterfaceOrientations_iPad = "UIInterfaceOrientationPortrait UIInterfaceOrientationPortraitUpsideDown UIInterfaceOrientationLandscapeLeft UIInterfaceOrientationLandscapeRight";
				INFOPLIST_KEY_UISupportedInterfaceOrientations_iPhone = "UIInterfaceOrientationPortrait UIInterfaceOrientationLandscapeLeft UIInterfaceOrientationLandscapeRight";
				LD_RUNPATH_SEARCH_PATHS = (
					"$(inherited)",
					"@executable_path/Frameworks",
				);
				MARKETING_VERSION = 1.0;
				PRODUCT_BUNDLE_IDENTIFIER = "com.dkitec.tip-calculator";
				PRODUCT_NAME = "$(TARGET_NAME)";
				SWIFT_EMIT_LOC_STRINGS = YES;
				SWIFT_VERSION = 5.0;
				TARGETED_DEVICE_FAMILY = "1,2";
			};
			name = Debug;
		};
		9554C10F2A920AD00098F2DE /* Release */ = {
			isa = XCBuildConfiguration;
			buildSettings = {
				ASSETCATALOG_COMPILER_APPICON_NAME = AppIcon;
				ASSETCATALOG_COMPILER_GLOBAL_ACCENT_COLOR_NAME = AccentColor;
				CODE_SIGN_STYLE = Automatic;
				CURRENT_PROJECT_VERSION = 1;
				DEVELOPMENT_TEAM = 5CFH3876SQ;
				GENERATE_INFOPLIST_FILE = YES;
				INFOPLIST_FILE = "tip-calculator/Info.plist";
				INFOPLIST_KEY_UIApplicationSupportsIndirectInputEvents = YES;
				INFOPLIST_KEY_UILaunchStoryboardName = LaunchScreen;
				INFOPLIST_KEY_UISupportedInterfaceOrientations_iPad = "UIInterfaceOrientationPortrait UIInterfaceOrientationPortraitUpsideDown UIInterfaceOrientationLandscapeLeft UIInterfaceOrientationLandscapeRight";
				INFOPLIST_KEY_UISupportedInterfaceOrientations_iPhone = "UIInterfaceOrientationPortrait UIInterfaceOrientationLandscapeLeft UIInterfaceOrientationLandscapeRight";
				LD_RUNPATH_SEARCH_PATHS = (
					"$(inherited)",
					"@executable_path/Frameworks",
				);
				MARKETING_VERSION = 1.0;
				PRODUCT_BUNDLE_IDENTIFIER = "com.dkitec.tip-calculator";
				PRODUCT_NAME = "$(TARGET_NAME)";
				SWIFT_EMIT_LOC_STRINGS = YES;
				SWIFT_VERSION = 5.0;
				TARGETED_DEVICE_FAMILY = "1,2";
			};
			name = Release;
		};
		9554C1112A920AD00098F2DE /* Debug */ = {
			isa = XCBuildConfiguration;
			buildSettings = {
				ALWAYS_EMBED_SWIFT_STANDARD_LIBRARIES = YES;
				BUNDLE_LOADER = "$(TEST_HOST)";
				CODE_SIGN_STYLE = Automatic;
				CURRENT_PROJECT_VERSION = 1;
				DEVELOPMENT_TEAM = 5CFH3876SQ;
				GENERATE_INFOPLIST_FILE = YES;
				IPHONEOS_DEPLOYMENT_TARGET = 15.2;
				MARKETING_VERSION = 1.0;
				PRODUCT_BUNDLE_IDENTIFIER = "com.dkitec.tip-calculatorTests";
				PRODUCT_NAME = "$(TARGET_NAME)";
				SWIFT_EMIT_LOC_STRINGS = NO;
				SWIFT_VERSION = 5.0;
				TARGETED_DEVICE_FAMILY = "1,2";
				TEST_HOST = "$(BUILT_PRODUCTS_DIR)/tip-calculator.app/tip-calculator";
			};
			name = Debug;
		};
		9554C1122A920AD00098F2DE /* Release */ = {
			isa = XCBuildConfiguration;
			buildSettings = {
				ALWAYS_EMBED_SWIFT_STANDARD_LIBRARIES = YES;
				BUNDLE_LOADER = "$(TEST_HOST)";
				CODE_SIGN_STYLE = Automatic;
				CURRENT_PROJECT_VERSION = 1;
				DEVELOPMENT_TEAM = 5CFH3876SQ;
				GENERATE_INFOPLIST_FILE = YES;
				IPHONEOS_DEPLOYMENT_TARGET = 15.2;
				MARKETING_VERSION = 1.0;
				PRODUCT_BUNDLE_IDENTIFIER = "com.dkitec.tip-calculatorTests";
				PRODUCT_NAME = "$(TARGET_NAME)";
				SWIFT_EMIT_LOC_STRINGS = NO;
				SWIFT_VERSION = 5.0;
				TARGETED_DEVICE_FAMILY = "1,2";
				TEST_HOST = "$(BUILT_PRODUCTS_DIR)/tip-calculator.app/tip-calculator";
			};
			name = Release;
		};
		9554C1142A920AD00098F2DE /* Debug */ = {
			isa = XCBuildConfiguration;
			buildSettings = {
				ALWAYS_EMBED_SWIFT_STANDARD_LIBRARIES = YES;
				CODE_SIGN_STYLE = Automatic;
				CURRENT_PROJECT_VERSION = 1;
				DEVELOPMENT_TEAM = 5CFH3876SQ;
				GENERATE_INFOPLIST_FILE = YES;
				MARKETING_VERSION = 1.0;
				PRODUCT_BUNDLE_IDENTIFIER = "com.dkitec.tip-calculatorUITests";
				PRODUCT_NAME = "$(TARGET_NAME)";
				SWIFT_EMIT_LOC_STRINGS = NO;
				SWIFT_VERSION = 5.0;
				TARGETED_DEVICE_FAMILY = "1,2";
				TEST_TARGET_NAME = "tip-calculator";
			};
			name = Debug;
		};
		9554C1152A920AD00098F2DE /* Release */ = {
			isa = XCBuildConfiguration;
			buildSettings = {
				ALWAYS_EMBED_SWIFT_STANDARD_LIBRARIES = YES;
				CODE_SIGN_STYLE = Automatic;
				CURRENT_PROJECT_VERSION = 1;
				DEVELOPMENT_TEAM = 5CFH3876SQ;
				GENERATE_INFOPLIST_FILE = YES;
				MARKETING_VERSION = 1.0;
				PRODUCT_BUNDLE_IDENTIFIER = "com.dkitec.tip-calculatorUITests";
				PRODUCT_NAME = "$(TARGET_NAME)";
				SWIFT_EMIT_LOC_STRINGS = NO;
				SWIFT_VERSION = 5.0;
				TARGETED_DEVICE_FAMILY = "1,2";
				TEST_TARGET_NAME = "tip-calculator";
			};
			name = Release;
		};
/* End XCBuildConfiguration section */

/* Begin XCConfigurationList section */
		9554C0DE2A920ACF0098F2DE /* Build configuration list for PBXProject "tip-calculator" */ = {
			isa = XCConfigurationList;
			buildConfigurations = (
				9554C10B2A920AD00098F2DE /* Debug */,
				9554C10C2A920AD00098F2DE /* Release */,
			);
			defaultConfigurationIsVisible = 0;
			defaultConfigurationName = Release;
		};
		9554C10D2A920AD00098F2DE /* Build configuration list for PBXNativeTarget "tip-calculator" */ = {
			isa = XCConfigurationList;
			buildConfigurations = (
				9554C10E2A920AD00098F2DE /* Debug */,
				9554C10F2A920AD00098F2DE /* Release */,
			);
			defaultConfigurationIsVisible = 0;
			defaultConfigurationName = Release;
		};
		9554C1102A920AD00098F2DE /* Build configuration list for PBXNativeTarget "tip-calculatorTests" */ = {
			isa = XCConfigurationList;
			buildConfigurations = (
				9554C1112A920AD00098F2DE /* Debug */,
				9554C1122A920AD00098F2DE /* Release */,
			);
			defaultConfigurationIsVisible = 0;
			defaultConfigurationName = Release;
		};
		9554C1132A920AD00098F2DE /* Build configuration list for PBXNativeTarget "tip-calculatorUITests" */ = {
			isa = XCConfigurationList;
			buildConfigurations = (
				9554C1142A920AD00098F2DE /* Debug */,
				9554C1152A920AD00098F2DE /* Release */,
			);
			defaultConfigurationIsVisible = 0;
			defaultConfigurationName = Release;
		};
/* End XCConfigurationList section */

/* Begin XCRemoteSwiftPackageReference section */
		95088B732B32E96B0055354B /* XCRemoteSwiftPackageReference "CombineCocoa" */ = {
			isa = XCRemoteSwiftPackageReference;
			repositoryURL = "https://github.com/CombineCommunity/CombineCocoa";
			requirement = {
				kind = upToNextMinorVersion;
				minimumVersion = 0.4.1;
			};
		};
		95088B762B32E9870055354B /* XCRemoteSwiftPackageReference "SnapKit" */ = {
			isa = XCRemoteSwiftPackageReference;
			repositoryURL = "https://github.com/SnapKit/SnapKit";
			requirement = {
				kind = upToNextMinorVersion;
				minimumVersion = 5.6.0;
			};
		};
		95088B7E2B32EA240055354B /* XCRemoteSwiftPackageReference "swift-snapshot-testing" */ = {
			isa = XCRemoteSwiftPackageReference;
			repositoryURL = "https://github.com/pointfreeco/swift-snapshot-testing";
			requirement = {
				kind = upToNextMinorVersion;
				minimumVersion = 1.15.1;
			};
		};
/* End XCRemoteSwiftPackageReference section */

/* Begin XCSwiftPackageProductDependency section */
		95088B742B32E96B0055354B /* CombineCocoa */ = {
			isa = XCSwiftPackageProductDependency;
			package = 95088B732B32E96B0055354B /* XCRemoteSwiftPackageReference "CombineCocoa" */;
			productName = CombineCocoa;
		};
		95088B772B32E9870055354B /* SnapKit */ = {
			isa = XCSwiftPackageProductDependency;
			package = 95088B762B32E9870055354B /* XCRemoteSwiftPackageReference "SnapKit" */;
			productName = SnapKit;
		};
		95088B792B32E9870055354B /* SnapKit-Dynamic */ = {
			isa = XCSwiftPackageProductDependency;
			package = 95088B762B32E9870055354B /* XCRemoteSwiftPackageReference "SnapKit" */;
			productName = "SnapKit-Dynamic";
		};
		95088B7C2B32E9CD0055354B /* CombineCocoa */ = {
			isa = XCSwiftPackageProductDependency;
			package = 95088B732B32E96B0055354B /* XCRemoteSwiftPackageReference "CombineCocoa" */;
			productName = CombineCocoa;
		};
		95088B7F2B32EA240055354B /* SnapshotTesting */ = {
			isa = XCSwiftPackageProductDependency;
			package = 95088B7E2B32EA240055354B /* XCRemoteSwiftPackageReference "swift-snapshot-testing" */;
			productName = SnapshotTesting;
		};
		95088B812B32EA3A0055354B /* CombineCocoa */ = {
			isa = XCSwiftPackageProductDependency;
			package = 95088B732B32E96B0055354B /* XCRemoteSwiftPackageReference "CombineCocoa" */;
			productName = CombineCocoa;
		};
/* End XCSwiftPackageProductDependency section */
	};
	rootObject = 9554C0DB2A920ACF0098F2DE /* Project object */;
}
